
Microsoft Visual Studio Solution File, Format Version 12.00
# Visual Studio Version 16
VisualStudioVersion = 16.0.29920.165
MinimumVisualStudioVersion = 10.0.40219.1
Project("{FAE04EC0-301F-11D3-BF4B-00C04F79EFBC}") = "Vodovoz", "Vodovoz\Vodovoz.csproj", "{7F57EFB3-18EB-482E-9479-64291042202E}"
EndProject
Global
	GlobalSection(SolutionConfigurationPlatforms) = preSolution
		Debug|Any CPU = Debug|Any CPU
		Release|Any CPU = Release|Any CPU
	EndGlobalSection
	GlobalSection(ProjectConfigurationPlatforms) = postSolution
		{7F57EFB3-18EB-482E-9479-64291042202E}.Debug|Any CPU.ActiveCfg = Debug|Any CPU
		{7F57EFB3-18EB-482E-9479-64291042202E}.Debug|Any CPU.Build.0 = Debug|Any CPU
		{7F57EFB3-18EB-482E-9479-64291042202E}.Release|Any CPU.ActiveCfg = Release|Any CPU
		{7F57EFB3-18EB-482E-9479-64291042202E}.Release|Any CPU.Build.0 = Release|Any CPU
	EndGlobalSection
	GlobalSection(SolutionProperties) = preSolution
		HideSolutionNode = FALSE
	EndGlobalSection
	GlobalSection(ExtensibilityGlobals) = postSolution
		SolutionGuid = {BADE0907-BE05-48CA-AE19-39C00314055A}
	EndGlobalSection
EndGlobal
